
Microsoft Visual Studio Solution File, Format Version 12.00
# Visual Studio Version 16
VisualStudioVersion = 16.0.31424.327
MinimumVisualStudioVersion = 10.0.40219.1
Project("{9A19103F-16F7-4668-BE54-9A1E7A4F7556}") = "Ch13 Practice 2 - Razor Forms", "Ch13 Practice 2 - Razor Forms.csproj", "{16B1739C-F320-4B2C-BDA2-2B1D62445859}"
EndProject
Global
	GlobalSection(SolutionConfigurationPlatforms) = preSolution
		Debug|Any CPU = Debug|Any CPU
		Release|Any CPU = Release|Any CPU
	EndGlobalSection
	GlobalSection(ProjectConfigurationPlatforms) = postSolution
		{16B1739C-F320-4B2C-BDA2-2B1D62445859}.Debug|Any CPU.ActiveCfg = Debug|Any CPU
		{16B1739C-F320-4B2C-BDA2-2B1D62445859}.Debug|Any CPU.Build.0 = Debug|Any CPU
		{16B1739C-F320-4B2C-BDA2-2B1D62445859}.Release|Any CPU.ActiveCfg = Release|Any CPU
		{16B1739C-F320-4B2C-BDA2-2B1D62445859}.Release|Any CPU.Build.0 = Release|Any CPU
	EndGlobalSection
	GlobalSection(SolutionProperties) = preSolution
		HideSolutionNode = FALSE
	EndGlobalSection
	GlobalSection(ExtensibilityGlobals) = postSolution
		SolutionGuid = {F136BD59-DDB3-4120-B860-C12DB70FE7A9}
	EndGlobalSection
EndGlobal
